// !$*UTF8*$!
{
	archiveVersion = 1;
	classes = {
	};
	objectVersion = 77;
	objects = {

/* Begin PBXContainerItemProxy section */
		A3D1CD1B2D8AD23F00393A9B /* PBXContainerItemProxy */ = {
			isa = PBXContainerItemProxy;
			containerPortal = A3D1CD022D8AD23E00393A9B /* Project object */;
			proxyType = 1;
			remoteGlobalIDString = A3D1CD092D8AD23E00393A9B;
			remoteInfo = DailyNewsApp;
		};
		A3D1CD252D8AD23F00393A9B /* PBXContainerItemProxy */ = {
			isa = PBXContainerItemProxy;
			containerPortal = A3D1CD022D8AD23E00393A9B /* Project object */;
			proxyType = 1;
			remoteGlobalIDString = A3D1CD092D8AD23E00393A9B;
			remoteInfo = DailyNewsApp;
		};
/* End PBXContainerItemProxy section */

/* Begin PBXFileReference section */
		A3D1CD0A2D8AD23E00393A9B /* DailyNewsApp.app */ = {isa = PBXFileReference; explicitFileType = wrapper.application; includeInIndex = 0; path = DailyNewsApp.app; sourceTree = BUILT_PRODUCTS_DIR; };
		A3D1CD1A2D8AD23F00393A9B /* DailyNewsAppTests.xctest */ = {isa = PBXFileReference; explicitFileType = wrapper.cfbundle; includeInIndex = 0; path = DailyNewsAppTests.xctest; sourceTree = BUILT_PRODUCTS_DIR; };
		A3D1CD242D8AD23F00393A9B /* DailyNewsAppUITests.xctest */ = {isa = PBXFileReference; explicitFileType = wrapper.cfbundle; includeInIndex = 0; path = DailyNewsAppUITests.xctest; sourceTree = BUILT_PRODUCTS_DIR; };
/* End PBXFileReference section */

/* Begin PBXFileSystemSynchronizedRootGroup section */
		A3D1CD0C2D8AD23E00393A9B /* DailyNewsApp */ = {
			isa = PBXFileSystemSynchronizedRootGroup;
			path = DailyNewsApp;
			sourceTree = "<group>";
		};
		A3D1CD1D2D8AD23F00393A9B /* DailyNewsAppTests */ = {
			isa = PBXFileSystemSynchronizedRootGroup;
			path = DailyNewsAppTests;
			sourceTree = "<group>";
		};
		A3D1CD272D8AD23F00393A9B /* DailyNewsAppUITests */ = {
			isa = PBXFileSystemSynchronizedRootGroup;
			path = DailyNewsAppUITests;
			sourceTree = "<group>";
		};
/* End PBXFileSystemSynchronizedRootGroup section */

/* Begin PBXFrameworksBuildPhase section */
		A3D1CD072D8AD23E00393A9B /* Frameworks */ = {
			isa = PBXFrameworksBuildPhase;
			buildActionMask = 2147483647;
			files = (
			);
			runOnlyForDeploymentPostprocessing = 0;
		};
		A3D1CD172D8AD23F00393A9B /* Frameworks */ = {
			isa = PBXFrameworksBuildPhase;
			buildActionMask = 2147483647;
			files = (
			);
			runOnlyForDeploymentPostprocessing = 0;
		};
		A3D1CD212D8AD23F00393A9B /* Frameworks */ = {
			isa = PBXFrameworksBuildPhase;
			buildActionMask = 2147483647;
			files = (
			);
			runOnlyForDeploymentPostprocessing = 0;
		};
/* End PBXFrameworksBuildPhase section */

/* Begin PBXGroup section */
		A3D1CD012D8AD23E00393A9B = {
			isa = PBXGroup;
			children = (
				A3D1CD0C2D8AD23E00393A9B /* DailyNewsApp */,
				A3D1CD1D2D8AD23F00393A9B /* DailyNewsAppTests */,
				A3D1CD272D8AD23F00393A9B /* DailyNewsAppUITests */,
				A3D1CD0B2D8AD23E00393A9B /* Products */,
			);
			sourceTree = "<group>";
		};
		A3D1CD0B2D8AD23E00393A9B /* Products */ = {
			isa = PBXGroup;
			children = (
				A3D1CD0A2D8AD23E00393A9B /* DailyNewsApp.app */,
				A3D1CD1A2D8AD23F00393A9B /* DailyNewsAppTests.xctest */,
				A3D1CD242D8AD23F00393A9B /* DailyNewsAppUITests.xctest */,
			);
			name = Products;
			sourceTree = "<group>";
		};
/* End PBXGroup section */

/* Begin PBXNativeTarget section */
		A3D1CD092D8AD23E00393A9B /* DailyNewsApp */ = {
			isa = PBXNativeTarget;
			buildConfigurationList = A3D1CD2E2D8AD23F00393A9B /* Build configuration list for PBXNativeTarget "DailyNewsApp" */;
			buildPhases = (
				A3D1CD062D8AD23E00393A9B /* Sources */,
				A3D1CD072D8AD23E00393A9B /* Frameworks */,
				A3D1CD082D8AD23E00393A9B /* Resources */,
			);
			buildRules = (
			);
			dependencies = (
			);
			fileSystemSynchronizedGroups = (
				A3D1CD0C2D8AD23E00393A9B /* DailyNewsApp */,
			);
			name = DailyNewsApp;
			packageProductDependencies = (
			);
			productName = DailyNewsApp;
			productReference = A3D1CD0A2D8AD23E00393A9B /* DailyNewsApp.app */;
			productType = "com.apple.product-type.application";
		};
		A3D1CD192D8AD23F00393A9B /* DailyNewsAppTests */ = {
			isa = PBXNativeTarget;
			buildConfigurationList = A3D1CD312D8AD23F00393A9B /* Build configuration list for PBXNativeTarget "DailyNewsAppTests" */;
			buildPhases = (
				A3D1CD162D8AD23F00393A9B /* Sources */,
				A3D1CD172D8AD23F00393A9B /* Frameworks */,
				A3D1CD182D8AD23F00393A9B /* Resources */,
			);
			buildRules = (
			);
			dependencies = (
				A3D1CD1C2D8AD23F00393A9B /* PBXTargetDependency */,
			);
			fileSystemSynchronizedGroups = (
				A3D1CD1D2D8AD23F00393A9B /* DailyNewsAppTests */,
			);
			name = DailyNewsAppTests;
			packageProductDependencies = (
			);
			productName = DailyNewsAppTests;
			productReference = A3D1CD1A2D8AD23F00393A9B /* DailyNewsAppTests.xctest */;
			productType = "com.apple.product-type.bundle.unit-test";
		};
		A3D1CD232D8AD23F00393A9B /* DailyNewsAppUITests */ = {
			isa = PBXNativeTarget;
			buildConfigurationList = A3D1CD342D8AD23F00393A9B /* Build configuration list for PBXNativeTarget "DailyNewsAppUITests" */;
			buildPhases = (
				A3D1CD202D8AD23F00393A9B /* Sources */,
				A3D1CD212D8AD23F00393A9B /* Frameworks */,
				A3D1CD222D8AD23F00393A9B /* Resources */,
			);
			buildRules = (
			);
			dependencies = (
				A3D1CD262D8AD23F00393A9B /* PBXTargetDependency */,
			);
			fileSystemSynchronizedGroups = (
				A3D1CD272D8AD23F00393A9B /* DailyNewsAppUITests */,
			);
			name = DailyNewsAppUITests;
			packageProductDependencies = (
			);
			productName = DailyNewsAppUITests;
			productReference = A3D1CD242D8AD23F00393A9B /* DailyNewsAppUITests.xctest */;
			productType = "com.apple.product-type.bundle.ui-testing";
		};
/* End PBXNativeTarget section */

/* Begin PBXProject section */
		A3D1CD022D8AD23E00393A9B /* Project object */ = {
			isa = PBXProject;
			attributes = {
				BuildIndependentTargetsInParallel = 1;
				LastSwiftUpdateCheck = 1620;
				LastUpgradeCheck = 1620;
				TargetAttributes = {
					A3D1CD092D8AD23E00393A9B = {
						CreatedOnToolsVersion = 16.2;
					};
					A3D1CD192D8AD23F00393A9B = {
						CreatedOnToolsVersion = 16.2;
						TestTargetID = A3D1CD092D8AD23E00393A9B;
					};
					A3D1CD232D8AD23F00393A9B = {
						CreatedOnToolsVersion = 16.2;
						TestTargetID = A3D1CD092D8AD23E00393A9B;
					};
				};
			};
			buildConfigurationList = A3D1CD052D8AD23E00393A9B /* Build configuration list for PBXProject "DailyNewsApp" */;
			developmentRegion = en;
			hasScannedForEncodings = 0;
			knownRegions = (
				en,
				Base,
			);
			mainGroup = A3D1CD012D8AD23E00393A9B;
			minimizedProjectReferenceProxies = 1;
			preferredProjectObjectVersion = 77;
			productRefGroup = A3D1CD0B2D8AD23E00393A9B /* Products */;
			projectDirPath = "";
			projectRoot = "";
			targets = (
				A3D1CD092D8AD23E00393A9B /* DailyNewsApp */,
				A3D1CD192D8AD23F00393A9B /* DailyNewsAppTests */,
				A3D1CD232D8AD23F00393A9B /* DailyNewsAppUITests */,
			);
		};
/* End PBXProject section */

/* Begin PBXResourcesBuildPhase section */
		A3D1CD082D8AD23E00393A9B /* Resources */ = {
			isa = PBXResourcesBuildPhase;
			buildActionMask = 2147483647;
			files = (
			);
			runOnlyForDeploymentPostprocessing = 0;
		};
		A3D1CD182D8AD23F00393A9B /* Resources */ = {
			isa = PBXResourcesBuildPhase;
			buildActionMask = 2147483647;
			files = (
			);
			runOnlyForDeploymentPostprocessing = 0;
		};
		A3D1CD222D8AD23F00393A9B /* Resources */ = {
			isa = PBXResourcesBuildPhase;
			buildActionMask = 2147483647;
			files = (
			);
			runOnlyForDeploymentPostprocessing = 0;
		};
/* End PBXResourcesBuildPhase section */

/* Begin PBXSourcesBuildPhase section */
		A3D1CD062D8AD23E00393A9B /* Sources */ = {
			isa = PBXSourcesBuildPhase;
			buildActionMask = 2147483647;
			files = (
			);
			runOnlyForDeploymentPostprocessing = 0;
		};
		A3D1CD162D8AD23F00393A9B /* Sources */ = {
			isa = PBXSourcesBuildPhase;
			buildActionMask = 2147483647;
			files = (
			);
			runOnlyForDeploymentPostprocessing = 0;
		};
		A3D1CD202D8AD23F00393A9B /* Sources */ = {
			isa = PBXSourcesBuildPhase;
			buildActionMask = 2147483647;
			files = (
			);
			runOnlyForDeploymentPostprocessing = 0;
		};
/* End PBXSourcesBuildPhase section */

/* Begin PBXTargetDependency section */
		A3D1CD1C2D8AD23F00393A9B /* PBXTargetDependency */ = {
			isa = PBXTargetDependency;
			target = A3D1CD092D8AD23E00393A9B /* DailyNewsApp */;
			targetProxy = A3D1CD1B2D8AD23F00393A9B /* PBXContainerItemProxy */;
		};
		A3D1CD262D8AD23F00393A9B /* PBXTargetDependency */ = {
			isa = PBXTargetDependency;
			target = A3D1CD092D8AD23E00393A9B /* DailyNewsApp */;
			targetProxy = A3D1CD252D8AD23F00393A9B /* PBXContainerItemProxy */;
		};
/* End PBXTargetDependency section */

/* Begin XCBuildConfiguration section */
		A3D1CD2C2D8AD23F00393A9B /* Debug */ = {
			isa = XCBuildConfiguration;
			buildSettings = {
				ALWAYS_SEARCH_USER_PATHS = NO;
				ASSETCATALOG_COMPILER_GENERATE_SWIFT_ASSET_SYMBOL_EXTENSIONS = YES;
				CLANG_ANALYZER_NONNULL = YES;
				CLANG_ANALYZER_NUMBER_OBJECT_CONVERSION = YES_AGGRESSIVE;
				CLANG_CXX_LANGUAGE_STANDARD = "gnu++20";
				CLANG_ENABLE_MODULES = YES;
				CLANG_ENABLE_OBJC_ARC = YES;
				CLANG_ENABLE_OBJC_WEAK = YES;
				CLANG_WARN_BLOCK_CAPTURE_AUTORELEASING = YES;
				CLANG_WARN_BOOL_CONVERSION = YES;
				CLANG_WARN_COMMA = YES;
				CLANG_WARN_CONSTANT_CONVERSION = YES;
				CLANG_WARN_DEPRECATED_OBJC_IMPLEMENTATIONS = YES;
				CLANG_WARN_DIRECT_OBJC_ISA_USAGE = YES_ERROR;
				CLANG_WARN_DOCUMENTATION_COMMENTS = YES;
				CLANG_WARN_EMPTY_BODY = YES;
				CLANG_WARN_ENUM_CONVERSION = YES;
				CLANG_WARN_INFINITE_RECURSION = YES;
				CLANG_WARN_INT_CONVERSION = YES;
				CLANG_WARN_NON_LITERAL_NULL_CONVERSION = YES;
				CLANG_WARN_OBJC_IMPLICIT_RETAIN_SELF = YES;
				CLANG_WARN_OBJC_LITERAL_CONVERSION = YES;
				CLANG_WARN_OBJC_ROOT_CLASS = YES_ERROR;
				CLANG_WARN_QUOTED_INCLUDE_IN_FRAMEWORK_HEADER = YES;
				CLANG_WARN_RANGE_LOOP_ANALYSIS = YES;
				CLANG_WARN_STRICT_PROTOTYPES = YES;
				CLANG_WARN_SUSPICIOUS_MOVE = YES;
				CLANG_WARN_UNGUARDED_AVAILABILITY = YES_AGGRESSIVE;
				CLANG_WARN_UNREACHABLE_CODE = YES;
				CLANG_WARN__DUPLICATE_METHOD_MATCH = YES;
				COPY_PHASE_STRIP = NO;
				DEBUG_INFORMATION_FORMAT = dwarf;
				ENABLE_STRICT_OBJC_MSGSEND = YES;
				ENABLE_TESTABILITY = YES;
				ENABLE_USER_SCRIPT_SANDBOXING = YES;
				GCC_C_LANGUAGE_STANDARD = gnu17;
				GCC_DYNAMIC_NO_PIC = NO;
				GCC_NO_COMMON_BLOCKS = YES;
				GCC_OPTIMIZATION_LEVEL = 0;
				GCC_PREPROCESSOR_DEFINITIONS = (
					"DEBUG=1",
					"$(inherited)",
				);
				GCC_WARN_64_TO_32_BIT_CONVERSION = YES;
				GCC_WARN_ABOUT_RETURN_TYPE = YES_ERROR;
				GCC_WARN_UNDECLARED_SELECTOR = YES;
				GCC_WARN_UNINITIALIZED_AUTOS = YES_AGGRESSIVE;
				GCC_WARN_UNUSED_FUNCTION = YES;
				GCC_WARN_UNUSED_VARIABLE = YES;
				IPHONEOS_DEPLOYMENT_TARGET = 18.2;
				LOCALIZATION_PREFERS_STRING_CATALOGS = YES;
				MTL_ENABLE_DEBUG_INFO = INCLUDE_SOURCE;
				MTL_FAST_MATH = YES;
				ONLY_ACTIVE_ARCH = YES;
				SDKROOT = iphoneos;
				SWIFT_ACTIVE_COMPILATION_CONDITIONS = "DEBUG $(inherited)";
				SWIFT_OPTIMIZATION_LEVEL = "-Onone";
			};
			name = Debug;
		};
		A3D1CD2D2D8AD23F00393A9B /* Release */ = {
			isa = XCBuildConfiguration;
			buildSettings = {
				ALWAYS_SEARCH_USER_PATHS = NO;
				ASSETCATALOG_COMPILER_GENERATE_SWIFT_ASSET_SYMBOL_EXTENSIONS = YES;
				CLANG_ANALYZER_NONNULL = YES;
				CLANG_ANALYZER_NUMBER_OBJECT_CONVERSION = YES_AGGRESSIVE;
				CLANG_CXX_LANGUAGE_STANDARD = "gnu++20";
				CLANG_ENABLE_MODULES = YES;
				CLANG_ENABLE_OBJC_ARC = YES;
				CLANG_ENABLE_OBJC_WEAK = YES;
				CLANG_WARN_BLOCK_CAPTURE_AUTORELEASING = YES;
				CLANG_WARN_BOOL_CONVERSION = YES;
				CLANG_WARN_COMMA = YES;
				CLANG_WARN_CONSTANT_CONVERSION = YES;
				CLANG_WARN_DEPRECATED_OBJC_IMPLEMENTATIONS = YES;
				CLANG_WARN_DIRECT_OBJC_ISA_USAGE = YES_ERROR;
				CLANG_WARN_DOCUMENTATION_COMMENTS = YES;
				CLANG_WARN_EMPTY_BODY = YES;
				CLANG_WARN_ENUM_CONVERSION = YES;
				CLANG_WARN_INFINITE_RECURSION = YES;
				CLANG_WARN_INT_CONVERSION = YES;
				CLANG_WARN_NON_LITERAL_NULL_CONVERSION = YES;
				CLANG_WARN_OBJC_IMPLICIT_RETAIN_SELF = YES;
				CLANG_WARN_OBJC_LITERAL_CONVERSION = YES;
				CLANG_WARN_OBJC_ROOT_CLASS = YES_ERROR;
				CLANG_WARN_QUOTED_INCLUDE_IN_FRAMEWORK_HEADER = YES;
				CLANG_WARN_RANGE_LOOP_ANALYSIS = YES;
				CLANG_WARN_STRICT_PROTOTYPES = YES;
				CLANG_WARN_SUSPICIOUS_MOVE = YES;
				CLANG_WARN_UNGUARDED_AVAILABILITY = YES_AGGRESSIVE;
				CLANG_WARN_UNREACHABLE_CODE = YES;
				CLANG_WARN__DUPLICATE_METHOD_MATCH = YES;
				COPY_PHASE_STRIP = NO;
				DEBUG_INFORMATION_FORMAT = "dwarf-with-dsym";
				ENABLE_NS_ASSERTIONS = NO;
				ENABLE_STRICT_OBJC_MSGSEND = YES;
				ENABLE_USER_SCRIPT_SANDBOXING = YES;
				GCC_C_LANGUAGE_STANDARD = gnu17;
				GCC_NO_COMMON_BLOCKS = YES;
				GCC_WARN_64_TO_32_BIT_CONVERSION = YES;
				GCC_WARN_ABOUT_RETURN_TYPE = YES_ERROR;
				GCC_WARN_UNDECLARED_SELECTOR = YES;
				GCC_WARN_UNINITIALIZED_AUTOS = YES_AGGRESSIVE;
				GCC_WARN_UNUSED_FUNCTION = YES;
				GCC_WARN_UNUSED_VARIABLE = YES;
				IPHONEOS_DEPLOYMENT_TARGET = 18.2;
				LOCALIZATION_PREFERS_STRING_CATALOGS = YES;
				MTL_ENABLE_DEBUG_INFO = NO;
				MTL_FAST_MATH = YES;
				SDKROOT = iphoneos;
				SWIFT_COMPILATION_MODE = wholemodule;
				VALIDATE_PRODUCT = YES;
			};
			name = Release;
		};
		A3D1CD2F2D8AD23F00393A9B /* Debug */ = {
			isa = XCBuildConfiguration;
			buildSettings = {
				ASSETCATALOG_COMPILER_APPICON_NAME = AppIcon;
				ASSETCATALOG_COMPILER_GLOBAL_ACCENT_COLOR_NAME = AccentColor;
				CODE_SIGN_STYLE = Automatic;
				CURRENT_PROJECT_VERSION = 1;
				DEVELOPMENT_ASSET_PATHS = "\"DailyNewsApp/Preview Content\"";
				ENABLE_PREVIEWS = YES;
				GENERATE_INFOPLIST_FILE = YES;
				INFOPLIST_KEY_UIApplicationSceneManifest_Generation = YES;
				INFOPLIST_KEY_UIApplicationSupportsIndirectInputEvents = YES;
				INFOPLIST_KEY_UILaunchScreen_Generation = YES;
				INFOPLIST_KEY_UISupportedInterfaceOrientations_iPad = "UIInterfaceOrientationPortrait UIInterfaceOrientationPortraitUpsideDown UIInterfaceOrientationLandscapeLeft UIInterfaceOrientationLandscapeRight";
				INFOPLIST_KEY_UISupportedInterfaceOrientations_iPhone = "UIInterfaceOrientationPortrait UIInterfaceOrientationLandscapeLeft UIInterfaceOrientationLandscapeRight";
				LD_RUNPATH_SEARCH_PATHS = (
					"$(inherited)",
					"@executable_path/Frameworks",
				);
				MARKETING_VERSION = 1.0;
				PRODUCT_BUNDLE_IDENTIFIER = put.155888.DailyNewsApp;
				PRODUCT_NAME = "$(TARGET_NAME)";
				SWIFT_EMIT_LOC_STRINGS = YES;
				SWIFT_VERSION = 5.0;
				TARGETED_DEVICE_FAMILY = "1,2";
			};
			name = Debug;
		};
		A3D1CD302D8AD23F00393A9B /* Release */ = {
			isa = XCBuildConfiguration;
			buildSettings = {
				ASSETCATALOG_COMPILER_APPICON_NAME = AppIcon;
				ASSETCATALOG_COMPILER_GLOBAL_ACCENT_COLOR_NAME = AccentColor;
				CODE_SIGN_STYLE = Automatic;
				CURRENT_PROJECT_VERSION = 1;
				DEVELOPMENT_ASSET_PATHS = "\"DailyNewsApp/Preview Content\"";
				ENABLE_PREVIEWS = YES;
				GENERATE_INFOPLIST_FILE = YES;
				INFOPLIST_KEY_UIApplicationSceneManifest_Generation = YES;
				INFOPLIST_KEY_UIApplicationSupportsIndirectInputEvents = YES;
				INFOPLIST_KEY_UILaunchScreen_Generation = YES;
				INFOPLIST_KEY_UISupportedInterfaceOrientations_iPad = "UIInterfaceOrientationPortrait UIInterfaceOrientationPortraitUpsideDown UIInterfaceOrientationLandscapeLeft UIInterfaceOrientationLandscapeRight";
				INFOPLIST_KEY_UISupportedInterfaceOrientations_iPhone = "UIInterfaceOrientationPortrait UIInterfaceOrientationLandscapeLeft UIInterfaceOrientationLandscapeRight";
				LD_RUNPATH_SEARCH_PATHS = (
					"$(inherited)",
					"@executable_path/Frameworks",
				);
				MARKETING_VERSION = 1.0;
				PRODUCT_BUNDLE_IDENTIFIER = put.155888.DailyNewsApp;
				PRODUCT_NAME = "$(TARGET_NAME)";
				SWIFT_EMIT_LOC_STRINGS = YES;
				SWIFT_VERSION = 5.0;
				TARGETED_DEVICE_FAMILY = "1,2";
			};
			name = Release;
		};
		A3D1CD322D8AD23F00393A9B /* Debug */ = {
			isa = XCBuildConfiguration;
			buildSettings = {
				BUNDLE_LOADER = "$(TEST_HOST)";
				CODE_SIGN_STYLE = Automatic;
				CURRENT_PROJECT_VERSION = 1;
				GENERATE_INFOPLIST_FILE = YES;
				IPHONEOS_DEPLOYMENT_TARGET = 18.2;
				MARKETING_VERSION = 1.0;
				PRODUCT_BUNDLE_IDENTIFIER = put.155888.DailyNewsAppTests;
				PRODUCT_NAME = "$(TARGET_NAME)";
				SWIFT_EMIT_LOC_STRINGS = NO;
				SWIFT_VERSION = 5.0;
				TARGETED_DEVICE_FAMILY = "1,2";
				TEST_HOST = "$(BUILT_PRODUCTS_DIR)/DailyNewsApp.app/$(BUNDLE_EXECUTABLE_FOLDER_PATH)/DailyNewsApp";
			};
			name = Debug;
		};
		A3D1CD332D8AD23F00393A9B /* Release */ = {
			isa = XCBuildConfiguration;
			buildSettings = {
				BUNDLE_LOADER = "$(TEST_HOST)";
				CODE_SIGN_STYLE = Automatic;
				CURRENT_PROJECT_VERSION = 1;
				GENERATE_INFOPLIST_FILE = YES;
				IPHONEOS_DEPLOYMENT_TARGET = 18.2;
				MARKETING_VERSION = 1.0;
				PRODUCT_BUNDLE_IDENTIFIER = put.155888.DailyNewsAppTests;
				PRODUCT_NAME = "$(TARGET_NAME)";
				SWIFT_EMIT_LOC_STRINGS = NO;
				SWIFT_VERSION = 5.0;
				TARGETED_DEVICE_FAMILY = "1,2";
				TEST_HOST = "$(BUILT_PRODUCTS_DIR)/DailyNewsApp.app/$(BUNDLE_EXECUTABLE_FOLDER_PATH)/DailyNewsApp";
			};
			name = Release;
		};
		A3D1CD352D8AD23F00393A9B /* Debug */ = {
			isa = XCBuildConfiguration;
			buildSettings = {
				CODE_SIGN_STYLE = Automatic;
				CURRENT_PROJECT_VERSION = 1;
				GENERATE_INFOPLIST_FILE = YES;
				MARKETING_VERSION = 1.0;
				PRODUCT_BUNDLE_IDENTIFIER = put.155888.DailyNewsAppUITests;
				PRODUCT_NAME = "$(TARGET_NAME)";
				SWIFT_EMIT_LOC_STRINGS = NO;
				SWIFT_VERSION = 5.0;
				TARGETED_DEVICE_FAMILY = "1,2";
				TEST_TARGET_NAME = DailyNewsApp;
			};
			name = Debug;
		};
		A3D1CD362D8AD23F00393A9B /* Release */ = {
			isa = XCBuildConfiguration;
			buildSettings = {
				CODE_SIGN_STYLE = Automatic;
				CURRENT_PROJECT_VERSION = 1;
				GENERATE_INFOPLIST_FILE = YES;
				MARKETING_VERSION = 1.0;
				PRODUCT_BUNDLE_IDENTIFIER = put.155888.DailyNewsAppUITests;
				PRODUCT_NAME = "$(TARGET_NAME)";
				SWIFT_EMIT_LOC_STRINGS = NO;
				SWIFT_VERSION = 5.0;
				TARGETED_DEVICE_FAMILY = "1,2";
				TEST_TARGET_NAME = DailyNewsApp;
			};
			name = Release;
		};
/* End XCBuildConfiguration section */

/* Begin XCConfigurationList section */
		A3D1CD052D8AD23E00393A9B /* Build configuration list for PBXProject "DailyNewsApp" */ = {
			isa = XCConfigurationList;
			buildConfigurations = (
				A3D1CD2C2D8AD23F00393A9B /* Debug */,
				A3D1CD2D2D8AD23F00393A9B /* Release */,
			);
			defaultConfigurationIsVisible = 0;
			defaultConfigurationName = Release;
		};
		A3D1CD2E2D8AD23F00393A9B /* Build configuration list for PBXNativeTarget "DailyNewsApp" */ = {
			isa = XCConfigurationList;
			buildConfigurations = (
				A3D1CD2F2D8AD23F00393A9B /* Debug */,
				A3D1CD302D8AD23F00393A9B /* Release */,
			);
			defaultConfigurationIsVisible = 0;
			defaultConfigurationName = Release;
		};
		A3D1CD312D8AD23F00393A9B /* Build configuration list for PBXNativeTarget "DailyNewsAppTests" */ = {
			isa = XCConfigurationList;
			buildConfigurations = (
				A3D1CD322D8AD23F00393A9B /* Debug */,
				A3D1CD332D8AD23F00393A9B /* Release */,
			);
			defaultConfigurationIsVisible = 0;
			defaultConfigurationName = Release;
		};
		A3D1CD342D8AD23F00393A9B /* Build configuration list for PBXNativeTarget "DailyNewsAppUITests" */ = {
			isa = XCConfigurationList;
			buildConfigurations = (
				A3D1CD352D8AD23F00393A9B /* Debug */,
				A3D1CD362D8AD23F00393A9B /* Release */,
			);
			defaultConfigurationIsVisible = 0;
			defaultConfigurationName = Release;
		};
/* End XCConfigurationList section */
	};
	rootObject = A3D1CD022D8AD23E00393A9B /* Project object */;
}
